github.com/redis-developer/redis-vl-golang v0.1.2/go.mod h1:V/SzNVCJsw8PBIRiTZpKV5jVqRr7BSwp9oOmyWu2rys=
github.com/redis-developer/redis-vl-golang/extensions/vectorize/hf v0.1.2/go.mod h1:kfrlTRzRUUou8ISxaawHcijzLXnXnQfaCd7kTaJta7Y=
gopkg.in/check.v1 v0.0.0-20161208181325-20d25e280405/go.mod h1:Co6ibVJAznAaIkqp8huTwlJQCZ016jof/cbN4VW5Yz0=
gopkg.in/yaml.v3 v3.0.1/go.mod h1:K4uyk7z7BCEPqu6E+C64Yfv1cQ7kz7rIZviUmN+EgEM=
